
Microsoft Visual Studio Solution File, Format Version 10.00
# Visual C# Express 2008
Project("{FAE04EC0-301F-11D3-BF4B-00C04F79EFBC}") = "JSmithWeek2Lab", "JSmithWeek2Lab\JSmithWeek2Lab.csproj", "{25F150A5-FBAE-4FEC-85FA-BFC4157E5685}"
EndProject
Global
	GlobalSection(SolutionConfigurationPlatforms) = preSolution
		Debug|Any CPU = Debug|Any CPU
		Release|Any CPU = Release|Any CPU
	EndGlobalSection
	GlobalSection(ProjectConfigurationPlatforms) = postSolution
		{25F150A5-FBAE-4FEC-85FA-BFC4157E5685}.Debug|Any CPU.ActiveCfg = Debug|Any CPU
		{25F150A5-FBAE-4FEC-85FA-BFC4157E5685}.Debug|Any CPU.Build.0 = Debug|Any CPU
		{25F150A5-FBAE-4FEC-85FA-BFC4157E5685}.Release|Any CPU.ActiveCfg = Release|Any CPU
		{25F150A5-FBAE-4FEC-85FA-BFC4157E5685}.Release|Any CPU.Build.0 = Release|Any CPU
	EndGlobalSection
	GlobalSection(SolutionProperties) = preSolution
		HideSolutionNode = FALSE
	EndGlobalSection
EndGlobal
